<?xml version="1.0" encoding="utf-8"?>
<Project ToolsVersion="4.0" xmlns="http://schemas.microsoft.com/developer/msbuild/2003">
  <ItemGroup>
    <Filter Include="Archivos de origen">
      <UniqueIdentifier>{4FC737F1-C7A5-4376-A066-2A32D752A2FF}</UniqueIdentifier>
      <Extensions>cpp;c;cc;cxx;c++;cppm;ixx;def;odl;idl;hpj;bat;asm;asmx</Extensions>
    </Filter>
    <Filter Include="Archivos de encabezado">
      <UniqueIdentifier>{93995380-89BD-4b04-88EB-625FBE52EBFB}</UniqueIdentifier>
      <Extensions>h;hh;hpp;hxx;h++;hm;inl;inc;ipp;xsd</Extensions>
    </Filter>
    <Filter Include="Archivos de recursos">
      <UniqueIdentifier>{67DA6AB6-F800-4c08-8B7A-83BB121AAD01}</UniqueIdentifier>
      <Extensions>rc;ico;cur;bmp;dlg;rc2;rct;bin;rgs;gif;jpg;jpeg;jpe;resx;tiff;tif;png;wav;mfcribbon-ms</Extensions>
    </Filter>
    <Filter Include="Modelo">
      <UniqueIdentifier>{B1B11B11-B111-4111-8111-B111B111B111}</UniqueIdentifier>
    </Filter>
    <Filter Include="Vista">
      <UniqueIdentifier>{B2B22B22-B222-4222-8222-B222B222B222}</UniqueIdentifier>
    </Filter>
    <Filter Include="Controlador">
      <UniqueIdentifier>{B3B33B33-B333-4333-8333-B333B333B333}</UniqueIdentifier>
    </Filter>
    <Filter Include="Datos">
      <UniqueIdentifier>{B4B44B44-B444-4444-8444-B444B444B444}</UniqueIdentifier>
    </Filter>
  </ItemGroup>
  <ItemGroup>
    <ClCompile Include="Vistas\mainForm.cpp">
      <Filter>Vista</Filter>
    </ClCompile>
    <ClCompile Include="Vistas\MenuForm.cpp">
      <Filter>Vista</Filter>
    </ClCompile>
    <ClCompile Include="Vistas\pacienteForm.cpp">
      <Filter>Vista</Filter>
    </ClCompile>
    <ClCompile Include="Vistas\PersonalForm.cpp">
      <Filter>Vista</Filter>
    </ClCompile>
    <ClCompile Include="Vistas\seguridadForm.cpp">
      <Filter>Vista</Filter>
    </ClCompile>
    <ClCompile Include="Vistas\UsuariosForm.cpp">
      <Filter>Vista</Filter>
    </ClCompile>
    <ClCompile Include="Vistas\BloquearForm.cpp">
      <Filter>Vista</Filter>
    </ClCompile>
    <ClCompile Include="Vistas\registroMForm.cpp">
      <Filter>Vista</Filter>
    </ClCompile>
  </ItemGroup>
  <ItemGroup>
    <ClInclude Include="Vistas\mainForm.h">
      <Filter>Vista</Filter>
    </ClInclude>
    <ClInclude Include="Vistas\MenuForm.h">
      <Filter>Vista</Filter>
    </ClInclude>
    <ClInclude Include="Vistas\PersonalForm.h">
      <Filter>Vista</Filter>
    </ClInclude>
    <ClInclude Include="Vistas\seguridadForm.h">
      <Filter>Vista</Filter>
    </ClInclude>
    <ClInclude Include="Vistas\LoginForm.h">
      <Filter>Vista</Filter>
    </ClInclude>
    <ClInclude Include="Vistas\pacienteForm.h">
      <Filter>Vista</Filter>
    </ClInclude>
    <ClInclude Include="Vistas\UsuariosForm.h">
      <Filter>Vista</Filter>
    </ClInclude>
    <ClInclude Include="Vistas\BloquearForm.h">
      <Filter>Vista</Filter>
    </ClInclude>
    <ClInclude Include="Vistas\registroMForm.h">
      <Filter>Vista</Filter>
    </ClInclude>
    <ClInclude Include="Modelos\EmpleadoSeguridad.h">
      <Filter>Modelo</Filter>
    </ClInclude>
    <ClInclude Include="Modelos\Paciente.h">
      <Filter>Modelo</Filter>
    </ClInclude>
    <ClInclude Include="Modelos\PersonalHospital.h">
      <Filter>Modelo</Filter>
    </ClInclude>
    <ClInclude Include="Modelos\Medicamento.h">
      <Filter>Modelo</Filter>
    </ClInclude>
    <ClInclude Include="Modelos\Usuario.h">
      <Filter>Modelo</Filter>
    </ClInclude>
    <ClInclude Include="Modelos\UsuarioGestion.h">
      <Filter>Modelo</Filter>
    </ClInclude>
    <ClInclude Include="Controladores\AutenticacionController.h">
      <Filter>Controlador</Filter>
    </ClInclude>
    <ClInclude Include="Controladores\GestionUsuariosController.h">
      <Filter>Controlador</Filter>
    </ClInclude>
    <ClInclude Include="Controladores\PacienteController.h">
      <Filter>Controlador</Filter>
    </ClInclude>
    <ClInclude Include="Controladores\PersonalController.h">
      <Filter>Controlador</Filter>
    </ClInclude>
    <ClInclude Include="Controladores\MedicamentoController.h">
      <Filter>Controlador</Filter>
    </ClInclude>
    <ClInclude Include="Controladores\RutasDatos.h">
      <Filter>Controlador</Filter>
    </ClInclude>
    <ClInclude Include="Controladores\SeguridadController.h">
      <Filter>Controlador</Filter>
    </ClInclude>
  </ItemGroup>
  <ItemGroup>
    <Content Include="Datos\empleados_seguridad.txt">
      <Filter>Datos</Filter>
    </Content>
    <Content Include="Datos\pacientes.dat">
      <Filter>Datos</Filter>
    </Content>
  </ItemGroup>
  <ItemGroup>
    <EmbeddedResource Include="Vistas\registroMForm.resx">
      <Filter>Archivos de recursos</Filter>
    </EmbeddedResource>
  </ItemGroup>
</Project>